
Microsoft Visual Studio Solution File, Format Version 12.00
# Visual Studio 15
VisualStudioVersion = 15.0.28307.572
MinimumVisualStudioVersion = 10.0.40219.1
Project("{FAE04EC0-301F-11D3-BF4B-00C04F79EFBC}") = "ProjetoAr3", "ProjetoAr3\ProjetoAr3.csproj", "{B983AE32-D465-44C3-A556-E21D94218270}"
EndProject
Global
	GlobalSection(SolutionConfigurationPlatforms) = preSolution
		Debug|Any CPU = Debug|Any CPU
		Release|Any CPU = Release|Any CPU
	EndGlobalSection
	GlobalSection(ProjectConfigurationPlatforms) = postSolution
		{B983AE32-D465-44C3-A556-E21D94218270}.Debug|Any CPU.ActiveCfg = Debug|Any CPU
		{B983AE32-D465-44C3-A556-E21D94218270}.Debug|Any CPU.Build.0 = Debug|Any CPU
		{B983AE32-D465-44C3-A556-E21D94218270}.Release|Any CPU.ActiveCfg = Release|Any CPU
		{B983AE32-D465-44C3-A556-E21D94218270}.Release|Any CPU.Build.0 = Release|Any CPU
	EndGlobalSection
	GlobalSection(SolutionProperties) = preSolution
		HideSolutionNode = FALSE
	EndGlobalSection
	GlobalSection(ExtensibilityGlobals) = postSolution
		SolutionGuid = {6D6CD175-98E2-4978-93F6-57872FAD6155}
	EndGlobalSection
EndGlobal
